# This file is generated by running "yarn install" inside your project.
# Manual changes might be lost - proceed with caution!

__metadata:
  version: 5
  cacheKey: 8

"@bugsnag/browser@npm:^7.14.1":
  version: 7.14.1
  resolution: "@bugsnag/browser@npm:7.14.1"
  dependencies:
    "@bugsnag/core": ^7.14.0
  checksum: 714a0d8e653ad32cc718c38dc6903a5421211e9e86c44bd47c90259777d22b9f21bd8caa38818ae1cdb5593743521e47175eee7da8a743f1004d13c132431bde
  languageName: node
  linkType: hard

"@bugsnag/core@npm:^7.14.0":
  version: 7.14.0
  resolution: "@bugsnag/core@npm:7.14.0"
  dependencies:
    "@bugsnag/cuid": ^3.0.0
    "@bugsnag/safe-json-stringify": ^6.0.0
    error-stack-parser: ^2.0.3
    iserror: 0.0.2
    stack-generator: ^2.0.3
  checksum: 51218b1ecee963b2f3c302dc6535b90ee75fdc65649105cccda67f844604394e25da7bf459401a1ba84ff5f0681dcc60be8ae8c3615a1909cb10bd80fd1ccc7d
  languageName: node
  linkType: hard

"@bugsnag/cuid@npm:^3.0.0":
  version: 3.0.0
  resolution: "@bugsnag/cuid@npm:3.0.0"
  checksum: bf9ea46c63f921ca7ba6da2f577871db50145f0270094e55ae3e19237de2a8a2b92fd148e1a53446c3adb258158bb4f874ca0d3ca392c3f86f8a38c3a4285677
  languageName: node
  linkType: hard

"@bugsnag/in-flight@npm:^7.14.1":
  version: 7.14.1
  resolution: "@bugsnag/in-flight@npm:7.14.1"
  dependencies:
    "@bugsnag/cuid": ^3.0.0
  peerDependencies:
    "@bugsnag/core": ^7.0.0
  checksum: 7c1dbb3b7f730dd6d96a16a24548e99268f28701e5c51db9542529c726bd8fcc3f2e4e08597ac96ebc56ef989856cd17d4e82434480aab12895a8c2dd11a98be
  languageName: node
  linkType: hard

"@bugsnag/js@npm:^7.14.1":
  version: 7.14.1
  resolution: "@bugsnag/js@npm:7.14.1"
  dependencies:
    "@bugsnag/browser": ^7.14.1
    "@bugsnag/node": ^7.14.1
  checksum: 8fbc9c2796a91f5d0827428d256fac6453411312658f5d8fe6eba5a7b546bb3594f2556a56a979aec42e0288a4a12ab36e80650af61f629fa3bb9fa3cc8b2ac4
  languageName: node
  linkType: hard

"@bugsnag/node@npm:^7.14.1":
  version: 7.14.1
  resolution: "@bugsnag/node@npm:7.14.1"
  dependencies:
    "@bugsnag/core": ^7.14.0
    byline: ^5.0.0
    error-stack-parser: ^2.0.2
    iserror: ^0.0.2
    pump: ^3.0.0
    stack-generator: ^2.0.3
  checksum: b05a30892570819112facc6cc71663c8bb18b2e67c6100012a8c109392858ef17f78403de237173939f06687733e22f70d82fd8aea12ea5f127e466c4529bbdd
  languageName: node
  linkType: hard

"@bugsnag/plugin-aws-lambda@npm:^7.14.1":
  version: 7.14.1
  resolution: "@bugsnag/plugin-aws-lambda@npm:7.14.1"
  dependencies:
    "@bugsnag/in-flight": ^7.14.1
    "@bugsnag/plugin-browser-session": ^7.14.0
  peerDependencies:
    "@bugsnag/core": ^7.0.0
  checksum: 09d113c7865982689e3a09831bed0ba177d1f3e725299f1049af75745d92d21fd9c00fda5db69ef9334c36fc517d1982cf35cfffba54ae46d86db09efcb3da85
  languageName: node
  linkType: hard

"@bugsnag/plugin-browser-session@npm:^7.14.0":
  version: 7.14.0
  resolution: "@bugsnag/plugin-browser-session@npm:7.14.0"
  peerDependencies:
    "@bugsnag/core": ^7.0.0
  checksum: 2e50979140e6a22d8d26c26cebf4f11fa8c5ac56866413a8294585961852d5c65e3a56d7ebe3f2ad80c94c9d98197b96fef75cb3725a5de892fa739b970e207e
  languageName: node
  linkType: hard

"@bugsnag/safe-json-stringify@npm:^6.0.0":
  version: 6.0.0
  resolution: "@bugsnag/safe-json-stringify@npm:6.0.0"
  checksum: 74f5d96af5f2f14be038ff939093329cdc6b3cc94eca6ce5ecd9e66a6d30819bcfd22f99c0ff229de56c0ef601cbca292f86ef5c9940ed2692bc9e005ac1f261
  languageName: node
  linkType: hard

"@getsaas/layer-bugsnag-node-v7@workspace:.":
  version: 0.0.0-use.local
  resolution: "@getsaas/layer-bugsnag-node-v7@workspace:."
  dependencies:
    "@bugsnag/core": ^7.14.0
    "@bugsnag/js": ^7.14.1
    "@bugsnag/plugin-aws-lambda": ^7.14.1
    mkdirp: ^1.0.4
    rimraf: ^3.0.2
  languageName: unknown
  linkType: soft

"balanced-match@npm:^1.0.0":
  version: 1.0.2
  resolution: "balanced-match@npm:1.0.2"
  checksum: 9706c088a283058a8a99e0bf91b0a2f75497f185980d9ffa8b304de1d9e58ebda7c72c07ebf01dadedaac5b2907b2c6f566f660d62bd336c3468e960403b9d65
  languageName: node
  linkType: hard

"brace-expansion@npm:^1.1.7":
  version: 1.1.11
  resolution: "brace-expansion@npm:1.1.11"
  dependencies:
    balanced-match: ^1.0.0
    concat-map: 0.0.1
  checksum: faf34a7bb0c3fcf4b59c7808bc5d2a96a40988addf2e7e09dfbb67a2251800e0d14cd2bfc1aa79174f2f5095c54ff27f46fb1289fe2d77dac755b5eb3434cc07
  languageName: node
  linkType: hard

"byline@npm:^5.0.0":
  version: 5.0.0
  resolution: "byline@npm:5.0.0"
  checksum: 737ca83e8eda2976728dae62e68bc733aea095fab08db4c6f12d3cee3cf45b6f97dce45d1f6b6ff9c2c947736d10074985b4425b31ce04afa1985a4ef3d334a7
  languageName: node
  linkType: hard

"concat-map@npm:0.0.1":
  version: 0.0.1
  resolution: "concat-map@npm:0.0.1"
  checksum: 902a9f5d8967a3e2faf138d5cb784b9979bad2e6db5357c5b21c568df4ebe62bcb15108af1b2253744844eb964fc023fbd9afbbbb6ddd0bcc204c6fb5b7bf3af
  languageName: node
  linkType: hard

"end-of-stream@npm:^1.1.0":
  version: 1.4.4
  resolution: "end-of-stream@npm:1.4.4"
  dependencies:
    once: ^1.4.0
  checksum: 530a5a5a1e517e962854a31693dbb5c0b2fc40b46dad2a56a2deec656ca040631124f4795823acc68238147805f8b021abbe221f4afed5ef3c8e8efc2024908b
  languageName: node
  linkType: hard

"error-stack-parser@npm:^2.0.2, error-stack-parser@npm:^2.0.3":
  version: 2.0.6
  resolution: "error-stack-parser@npm:2.0.6"
  dependencies:
    stackframe: ^1.1.1
  checksum: bd8e048fcb1c0c74ab201271fec3b39c097a7c24bdef1718828d053c0584da5d7ad845253b5e4773803ee8e7450b23b0920e60a3b60dd403c1568c843058cb12
  languageName: node
  linkType: hard

"fs.realpath@npm:^1.0.0":
  version: 1.0.0
  resolution: "fs.realpath@npm:1.0.0"
  checksum: 99ddea01a7e75aa276c250a04eedeffe5662bce66c65c07164ad6264f9de18fb21be9433ead460e54cff20e31721c811f4fb5d70591799df5f85dce6d6746fd0
  languageName: node
  linkType: hard

"glob@npm:^7.1.3":
  version: 7.1.7
  resolution: "glob@npm:7.1.7"
  dependencies:
    fs.realpath: ^1.0.0
    inflight: ^1.0.4
    inherits: 2
    minimatch: ^3.0.4
    once: ^1.3.0
    path-is-absolute: ^1.0.0
  checksum: b61f48973bbdcf5159997b0874a2165db572b368b931135832599875919c237fc05c12984e38fe828e69aa8a921eb0e8a4997266211c517c9cfaae8a93988bb8
  languageName: node
  linkType: hard

"inflight@npm:^1.0.4":
  version: 1.0.6
  resolution: "inflight@npm:1.0.6"
  dependencies:
    once: ^1.3.0
    wrappy: 1
  checksum: f4f76aa072ce19fae87ce1ef7d221e709afb59d445e05d47fba710e85470923a75de35bfae47da6de1b18afc3ce83d70facf44cfb0aff89f0a3f45c0a0244dfd
  languageName: node
  linkType: hard

"inherits@npm:2":
  version: 2.0.4
  resolution: "inherits@npm:2.0.4"
  checksum: 4a48a733847879d6cf6691860a6b1e3f0f4754176e4d71494c41f3475553768b10f84b5ce1d40fbd0e34e6bfbb864ee35858ad4dd2cf31e02fc4a154b724d7f1
  languageName: node
  linkType: hard

"iserror@npm:0.0.2, iserror@npm:^0.0.2":
  version: 0.0.2
  resolution: "iserror@npm:0.0.2"
  checksum: e22080b3a650289303039ad804875bdd8a41af467c5cc8f844529d8bc2b2613f449214aa04cc9c541c219f501e3c6943528dc5ed18ca9fc73e00ee45723f7106
  languageName: node
  linkType: hard

"minimatch@npm:^3.0.4":
  version: 3.0.4
  resolution: "minimatch@npm:3.0.4"
  dependencies:
    brace-expansion: ^1.1.7
  checksum: 66ac295f8a7b59788000ea3749938b0970344c841750abd96694f80269b926ebcafad3deeb3f1da2522978b119e6ae3a5869b63b13a7859a456b3408bd18a078
  languageName: node
  linkType: hard

"mkdirp@npm:^1.0.4":
  version: 1.0.4
  resolution: "mkdirp@npm:1.0.4"
  bin:
    mkdirp: bin/cmd.js
  checksum: a96865108c6c3b1b8e1d5e9f11843de1e077e57737602de1b82030815f311be11f96f09cce59bd5b903d0b29834733e5313f9301e3ed6d6f6fba2eae0df4298f
  languageName: node
  linkType: hard

"once@npm:^1.3.0, once@npm:^1.3.1, once@npm:^1.4.0":
  version: 1.4.0
  resolution: "once@npm:1.4.0"
  dependencies:
    wrappy: 1
  checksum: cd0a88501333edd640d95f0d2700fbde6bff20b3d4d9bdc521bdd31af0656b5706570d6c6afe532045a20bb8dc0849f8332d6f2a416e0ba6d3d3b98806c7db68
  languageName: node
  linkType: hard

"path-is-absolute@npm:^1.0.0":
  version: 1.0.1
  resolution: "path-is-absolute@npm:1.0.1"
  checksum: 060840f92cf8effa293bcc1bea81281bd7d363731d214cbe5c227df207c34cd727430f70c6037b5159c8a870b9157cba65e775446b0ab06fd5ecc7e54615a3b8
  languageName: node
  linkType: hard

"pump@npm:^3.0.0":
  version: 3.0.0
  resolution: "pump@npm:3.0.0"
  dependencies:
    end-of-stream: ^1.1.0
    once: ^1.3.1
  checksum: e42e9229fba14732593a718b04cb5e1cfef8254544870997e0ecd9732b189a48e1256e4e5478148ecb47c8511dca2b09eae56b4d0aad8009e6fac8072923cfc9
  languageName: node
  linkType: hard

"rimraf@npm:^3.0.2":
  version: 3.0.2
  resolution: "rimraf@npm:3.0.2"
  dependencies:
    glob: ^7.1.3
  bin:
    rimraf: bin.js
  checksum: 87f4164e396f0171b0a3386cc1877a817f572148ee13a7e113b238e48e8a9f2f31d009a92ec38a591ff1567d9662c6b67fd8818a2dbbaed74bc26a87a2a4a9a0
  languageName: node
  linkType: hard

"stack-generator@npm:^2.0.3":
  version: 2.0.5
  resolution: "stack-generator@npm:2.0.5"
  dependencies:
    stackframe: ^1.1.1
  checksum: a85c45a6f166319b31e9298da1e05b778b768553c2126eeeccfa5c4402fc810de1c541ec0b92db63238d68b3e08f4f57544adc27255e52f25f8edcabcc9caf63
  languageName: node
  linkType: hard

"stackframe@npm:^1.1.1":
  version: 1.2.0
  resolution: "stackframe@npm:1.2.0"
  checksum: 37d659bdd574e118a48c445a9a054a2b8dee6d6ad54eb16c51c7dae622c0f4994b9ff4e47d744aa6cfd14c00b477e145f34db3df78771f3e783ce8f357616d00
  languageName: node
  linkType: hard

"wrappy@npm:1":
  version: 1.0.2
  resolution: "wrappy@npm:1.0.2"
  checksum: 159da4805f7e84a3d003d8841557196034155008f817172d4e986bd591f74aa82aa7db55929a54222309e01079a65a92a9e6414da5a6aa4b01ee44a511ac3ee5
  languageName: node
  linkType: hard
